
Microsoft Visual Studio Solution File, Format Version 12.00
# Visual Studio Version 16
VisualStudioVersion = 16.0.31105.61
MinimumVisualStudioVersion = 10.0.40219.1
Project("{8BC9CEB8-8B4A-11D0-8D11-00A0C91BC942}") = "Project1", "Project1\Project1.vcxproj", "{B5CD20E2-8095-47BF-8182-288CE5521CA2}"
EndProject
Global
	GlobalSection(SolutionConfigurationPlatforms) = preSolution
		Debug|x64 = Debug|x64
		Debug|x86 = Debug|x86
		Release|x64 = Release|x64
		Release|x86 = Release|x86
	EndGlobalSection
	GlobalSection(ProjectConfigurationPlatforms) = postSolution
		{B5CD20E2-8095-47BF-8182-288CE5521CA2}.Debug|x64.ActiveCfg = Debug|x64
		{B5CD20E2-8095-47BF-8182-288CE5521CA2}.Debug|x64.Build.0 = Debug|x64
		{B5CD20E2-8095-47BF-8182-288CE5521CA2}.Debug|x86.ActiveCfg = Debug|Win32
		{B5CD20E2-8095-47BF-8182-288CE5521CA2}.Debug|x86.Build.0 = Debug|Win32
		{B5CD20E2-8095-47BF-8182-288CE5521CA2}.Release|x64.ActiveCfg = Release|x64
		{B5CD20E2-8095-47BF-8182-288CE5521CA2}.Release|x64.Build.0 = Release|x64
		{B5CD20E2-8095-47BF-8182-288CE5521CA2}.Release|x86.ActiveCfg = Release|Win32
		{B5CD20E2-8095-47BF-8182-288CE5521CA2}.Release|x86.Build.0 = Release|Win32
	EndGlobalSection
	GlobalSection(SolutionProperties) = preSolution
		HideSolutionNode = FALSE
	EndGlobalSection
	GlobalSection(ExtensibilityGlobals) = postSolution
		SolutionGuid = {2B7DCF9F-45B9-4F8A-BF04-C7471C3E7D1B}
	EndGlobalSection
EndGlobal
